
Microsoft Visual Studio Solution File, Format Version 12.00
# Visual Studio Version 17
VisualStudioVersion = 17.10.35122.118
MinimumVisualStudioVersion = 10.0.40219.1
Project("{9A19103F-16F7-4668-BE54-9A1E7A4F7556}") = "CarwashPrime", "CarwashPrime.csproj", "{A5545C26-4242-4FAF-8C09-27005D2AC12B}"
EndProject
Global
	GlobalSection(SolutionConfigurationPlatforms) = preSolution
		Debug|Any CPU = Debug|Any CPU
		Release|Any CPU = Release|Any CPU
	EndGlobalSection
	GlobalSection(ProjectConfigurationPlatforms) = postSolution
		{A5545C26-4242-4FAF-8C09-27005D2AC12B}.Debug|Any CPU.ActiveCfg = Debug|Any CPU
		{A5545C26-4242-4FAF-8C09-27005D2AC12B}.Debug|Any CPU.Build.0 = Debug|Any CPU
		{A5545C26-4242-4FAF-8C09-27005D2AC12B}.Release|Any CPU.ActiveCfg = Release|Any CPU
		{A5545C26-4242-4FAF-8C09-27005D2AC12B}.Release|Any CPU.Build.0 = Release|Any CPU
	EndGlobalSection
	GlobalSection(SolutionProperties) = preSolution
		HideSolutionNode = FALSE
	EndGlobalSection
	GlobalSection(ExtensibilityGlobals) = postSolution
		SolutionGuid = {174CEEA2-F7F1-4D6C-AB1F-3D4212B0ECB0}
	EndGlobalSection
EndGlobal
